
Microsoft Visual Studio Solution File, Format Version 12.00
# Visual Studio Version 16
VisualStudioVersion = 16.0.32002.261
MinimumVisualStudioVersion = 10.0.40219.1
Project("{FAE04EC0-301F-11D3-BF4B-00C04F79EFBC}") = "MatrixRain", "MatrixRain.csproj", "{61703038-DFA0-4C5B-821A-9AD5BA868AC8}"
EndProject
Global
	GlobalSection(SolutionConfigurationPlatforms) = preSolution
		Debug|Any CPU = Debug|Any CPU
		Release|Any CPU = Release|Any CPU
	EndGlobalSection
	GlobalSection(ProjectConfigurationPlatforms) = postSolution
		{61703038-DFA0-4C5B-821A-9AD5BA868AC8}.Debug|Any CPU.ActiveCfg = Debug|Any CPU
		{61703038-DFA0-4C5B-821A-9AD5BA868AC8}.Debug|Any CPU.Build.0 = Debug|Any CPU
		{61703038-DFA0-4C5B-821A-9AD5BA868AC8}.Release|Any CPU.ActiveCfg = Release|Any CPU
		{61703038-DFA0-4C5B-821A-9AD5BA868AC8}.Release|Any CPU.Build.0 = Release|Any CPU
	EndGlobalSection
	GlobalSection(SolutionProperties) = preSolution
		HideSolutionNode = FALSE
	EndGlobalSection
	GlobalSection(ExtensibilityGlobals) = postSolution
		SolutionGuid = {F6DE865B-2918-41D3-B155-52E436ECE1AD}
	EndGlobalSection
EndGlobal
